{
  "requires": true,
  "lockfileVersion": 1,
  "dependencies": {
    "@ionic-native/sqlite": {
      "version": "5.13.0",
      "resolved": "https://registry.npmjs.org/@ionic-native/sqlite/-/sqlite-5.13.0.tgz",
      "integrity": "sha512-RunxhYhlA32eZtq72NQrhjqWnWk2+mOUKgZE/vl5GKKeFxnahtNcaBJCtzpwWYjY/TpFFuRRXTiu45RRdu5NJg==",
      "requires": {
        "@types/cordova": "^0.0.34"
      }
    },
    "@types/cordova": {
      "version": "0.0.34",
      "resolved": "https://registry.npmjs.org/@types/cordova/-/cordova-0.0.34.tgz",
      "integrity": "sha1-6nrd907Ow9dimCegw54smt3HPQQ="
    },
    "cordova-sqlite-storage": {
      "version": "3.3.0",
      "resolved": "https://registry.npmjs.org/cordova-sqlite-storage/-/cordova-sqlite-storage-3.3.0.tgz",
      "integrity": "sha512-RBgGAe8rf/k54JC12xtt/14PxJrh42C4ISd+P8fqZq5Kw6JfQGh/55/VTsjI29rInl5jO5fwpYee/InGYlmI9w==",
      "requires": {
        "cordova-sqlite-storage-dependencies": "2.1.0"
      }
    },
    "cordova-sqlite-storage-dependencies": {
      "version": "2.1.0",
      "resolved": "https://registry.npmjs.org/cordova-sqlite-storage-dependencies/-/cordova-sqlite-storage-dependencies-2.1.0.tgz",
      "integrity": "sha512-m0cPOWPzckAqS0/e7v+xtcM+FrHrw63qgh5T91JdkXMKCK8sN9bDoqVNJHZ5E9y7sRO7liMUIDm6Dz439RYqGA=="
    }
  }
}
